// !$*UTF8*$!
{
	archiveVersion = 1;
	classes = {
	};
	objectVersion = 77;
	objects = {

/* Begin PBXCopyFilesBuildPhase section */
		A65231F02E89EE2E00750BC8 /* CopyFiles */ = {
			isa = PBXCopyFilesBuildPhase;
			buildActionMask = 2147483647;
			dstPath = /usr/share/man/man1/;
			dstSubfolderSpec = 0;
			files = (
			);
			runOnlyForDeploymentPostprocessing = 1;
		};
/* End PBXCopyFilesBuildPhase section */

/* Begin PBXFileReference section */
		A61509F32E89D31A00358801 /* LICENSE.txt */ = {isa = PBXFileReference; lastKnownFileType = text; name = LICENSE.txt; path = ../../LICENSE.txt; sourceTree = SOURCE_ROOT; };
		A61509F42E89D31A00358801 /* Makefile */ = {isa = PBXFileReference; indentWidth = 4; lastKnownFileType = sourcecode.make; name = Makefile; path = ../../Makefile; sourceTree = SOURCE_ROOT; tabWidth = 4; };
		A61509FC2E89D31A00358801 /* README.md */ = {isa = PBXFileReference; lastKnownFileType = net.daringfireball.markdown; name = README.md; path = ../../README.md; sourceTree = SOURCE_ROOT; };
		A65231F22E89EE2E00750BC8 /* cgrid_index */ = {isa = PBXFileReference; explicitFileType = "compiled.mach-o.executable"; includeInIndex = 0; path = cgrid_index; sourceTree = BUILT_PRODUCTS_DIR; };
		A68D4AA22EA1370700174946 /* toybox.xcodeproj */ = {isa = PBXFileReference; lastKnownFileType = "wrapper.pb-project"; path = toybox.xcodeproj; sourceTree = "<group>"; };
		A68D4D442EA139BC00174946 /* toybox.xcodeproj */ = {isa = PBXFileReference; lastKnownFileType = "wrapper.pb-project"; name = toybox.xcodeproj; path = ../../../toybox/ide/Xcode/toybox.xcodeproj; sourceTree = SOURCE_ROOT; };
/* End PBXFileReference section */

/* Begin PBXFileSystemSynchronizedBuildFileExceptionSet section */
		A65232062E89EE4B00750BC8 /* Exceptions for "src" folder in "cgrid_index" target */ = {
			isa = PBXFileSystemSynchronizedBuildFileExceptionSet;
			membershipExceptions = (
				button.cpp,
				game_credits.cpp,
				game_help.cpp,
				game_level_edit.cpp,
				game_level.cpp,
				game_menu.cpp,
				game_scores.cpp,
				game.cpp,
				level.cpp,
				main.cpp,
				resources.cpp,
				scroller.cpp,
			);
			target = A65231F12E89EE2E00750BC8 /* cgrid_index */;
		};
/* End PBXFileSystemSynchronizedBuildFileExceptionSet section */

/* Begin PBXFileSystemSynchronizedRootGroup section */
		A61509D02E89D31A00358801 /* Assets */ = {
			isa = PBXFileSystemSynchronizedRootGroup;
			name = Assets;
			path = ../../Assets;
			sourceTree = SOURCE_ROOT;
		};
		A61509EC2E89D31A00358801 /* data */ = {
			isa = PBXFileSystemSynchronizedRootGroup;
			name = data;
			path = ../../data;
			sourceTree = SOURCE_ROOT;
		};
		A61509F22E89D31A00358801 /* include */ = {
			isa = PBXFileSystemSynchronizedRootGroup;
			name = include;
			path = ../../include;
			sourceTree = SOURCE_ROOT;
		};
		A61509FB2E89D31A00358801 /* other */ = {
			isa = PBXFileSystemSynchronizedRootGroup;
			name = other;
			path = ../../other;
			sourceTree = SOURCE_ROOT;
		};
		A6150A092E89D31A00358801 /* src */ = {
			isa = PBXFileSystemSynchronizedRootGroup;
			exceptions = (
				A65232062E89EE4B00750BC8 /* Exceptions for "src" folder in "cgrid_index" target */,
			);
			name = src;
			path = ../../src;
			sourceTree = SOURCE_ROOT;
		};
/* End PBXFileSystemSynchronizedRootGroup section */

/* Begin PBXFrameworksBuildPhase section */
		A65231EF2E89EE2E00750BC8 /* Frameworks */ = {
			isa = PBXFrameworksBuildPhase;
			buildActionMask = 2147483647;
			files = (
			);
			runOnlyForDeploymentPostprocessing = 0;
		};
/* End PBXFrameworksBuildPhase section */

/* Begin PBXGroup section */
		A61509482E89D22600358801 = {
			isa = PBXGroup;
			children = (
				A68D4D442EA139BC00174946 /* toybox.xcodeproj */,
				A61509B52E89D2E800358801 /* ChromaGrid */,
				A65231F32E89EE2E00750BC8 /* Products */,
			);
			sourceTree = "<group>";
		};
		A61509B52E89D2E800358801 /* ChromaGrid */ = {
			isa = PBXGroup;
			children = (
				A61509D02E89D31A00358801 /* Assets */,
				A61509EC2E89D31A00358801 /* data */,
				A61509FB2E89D31A00358801 /* other */,
				A61509F22E89D31A00358801 /* include */,
				A6150A092E89D31A00358801 /* src */,
				A61509F42E89D31A00358801 /* Makefile */,
				A61509F32E89D31A00358801 /* LICENSE.txt */,
				A61509FC2E89D31A00358801 /* README.md */,
			);
			path = ChromaGrid;
			sourceTree = "<group>";
		};
		A65231F32E89EE2E00750BC8 /* Products */ = {
			isa = PBXGroup;
			children = (
				A65231F22E89EE2E00750BC8 /* cgrid_index */,
			);
			name = Products;
			sourceTree = "<group>";
		};
		A68D4AA32EA1370700174946 /* Products */ = {
			isa = PBXGroup;
			children = (
			);
			name = Products;
			sourceTree = "<group>";
		};
/* End PBXGroup section */

/* Begin PBXLegacyTarget section */
		A6150A4E2E89D81000358801 /* cgrid */ = {
			isa = PBXLegacyTarget;
			buildArgumentsString = "HOST=sdl2 install";
			buildConfigurationList = A6150A4F2E89D81000358801 /* Build configuration list for PBXLegacyTarget "cgrid" */;
			buildPhases = (
			);
			buildToolPath = /usr/bin/make;
			buildWorkingDirectory = ../../;
			dependencies = (
			);
			name = cgrid;
			packageProductDependencies = (
			);
			passBuildSettingsInEnvironment = 1;
			productName = cgrid;
		};
/* End PBXLegacyTarget section */

/* Begin PBXNativeTarget section */
		A65231F12E89EE2E00750BC8 /* cgrid_index */ = {
			isa = PBXNativeTarget;
			buildConfigurationList = A65231F72E89EE2E00750BC8 /* Build configuration list for PBXNativeTarget "cgrid_index" */;
			buildPhases = (
				A65231EE2E89EE2E00750BC8 /* Sources */,
				A65231EF2E89EE2E00750BC8 /* Frameworks */,
				A65231F02E89EE2E00750BC8 /* CopyFiles */,
			);
			buildRules = (
			);
			dependencies = (
			);
			name = cgrid_index;
			packageProductDependencies = (
			);
			productName = cgrid_index;
			productReference = A65231F22E89EE2E00750BC8 /* cgrid_index */;
			productType = "com.apple.product-type.tool";
		};
/* End PBXNativeTarget section */

/* Begin PBXProject section */
		A61509492E89D22600358801 /* Project object */ = {
			isa = PBXProject;
			attributes = {
				BuildIndependentTargetsInParallel = 1;
				LastUpgradeCheck = 2600;
				TargetAttributes = {
					A6150A4E2E89D81000358801 = {
						CreatedOnToolsVersion = 26.0.1;
					};
					A65231F12E89EE2E00750BC8 = {
						CreatedOnToolsVersion = 26.0.1;
					};
				};
			};
			buildConfigurationList = A615094C2E89D22600358801 /* Build configuration list for PBXProject "cgrid" */;
			developmentRegion = en;
			hasScannedForEncodings = 0;
			knownRegions = (
				en,
				Base,
			);
			mainGroup = A61509482E89D22600358801;
			minimizedProjectReferenceProxies = 1;
			preferredProjectObjectVersion = 77;
			productRefGroup = A65231F32E89EE2E00750BC8 /* Products */;
			projectDirPath = "";
			projectReferences = (
				{
					ProductGroup = A68D4AA32EA1370700174946 /* Products */;
					ProjectRef = A68D4AA22EA1370700174946 /* toybox.xcodeproj */;
				},
			);
			projectRoot = "";
			targets = (
				A6150A4E2E89D81000358801 /* cgrid */,
				A65231F12E89EE2E00750BC8 /* cgrid_index */,
			);
		};
/* End PBXProject section */

/* Begin PBXSourcesBuildPhase section */
		A65231EE2E89EE2E00750BC8 /* Sources */ = {
			isa = PBXSourcesBuildPhase;
			buildActionMask = 2147483647;
			files = (
			);
			runOnlyForDeploymentPostprocessing = 0;
		};
/* End PBXSourcesBuildPhase section */

/* Begin XCBuildConfiguration section */
		A615094E2E89D22600358801 /* Debug */ = {
			isa = XCBuildConfiguration;
			buildSettings = {
				ALWAYS_SEARCH_USER_PATHS = NO;
				ASSETCATALOG_COMPILER_GENERATE_SWIFT_ASSET_SYMBOL_EXTENSIONS = YES;
				CLANG_ANALYZER_NONNULL = YES;
				CLANG_ANALYZER_NUMBER_OBJECT_CONVERSION = YES_AGGRESSIVE;
				CLANG_CXX_LANGUAGE_STANDARD = "gnu++20";
				CLANG_ENABLE_MODULES = YES;
				CLANG_ENABLE_OBJC_ARC = YES;
				CLANG_ENABLE_OBJC_WEAK = YES;
				CLANG_WARN_BLOCK_CAPTURE_AUTORELEASING = YES;
				CLANG_WARN_BOOL_CONVERSION = YES;
				CLANG_WARN_COMMA = YES;
				CLANG_WARN_CONSTANT_CONVERSION = YES;
				CLANG_WARN_DEPRECATED_OBJC_IMPLEMENTATIONS = YES;
				CLANG_WARN_DIRECT_OBJC_ISA_USAGE = YES_ERROR;
				CLANG_WARN_DOCUMENTATION_COMMENTS = YES;
				CLANG_WARN_EMPTY_BODY = YES;
				CLANG_WARN_ENUM_CONVERSION = YES;
				CLANG_WARN_INFINITE_RECURSION = YES;
				CLANG_WARN_INT_CONVERSION = YES;
				CLANG_WARN_NON_LITERAL_NULL_CONVERSION = YES;
				CLANG_WARN_OBJC_IMPLICIT_RETAIN_SELF = YES;
				CLANG_WARN_OBJC_LITERAL_CONVERSION = YES;
				CLANG_WARN_OBJC_ROOT_CLASS = YES_ERROR;
				CLANG_WARN_QUOTED_INCLUDE_IN_FRAMEWORK_HEADER = YES;
				CLANG_WARN_RANGE_LOOP_ANALYSIS = YES;
				CLANG_WARN_STRICT_PROTOTYPES = YES;
				CLANG_WARN_SUSPICIOUS_MOVE = YES;
				CLANG_WARN_UNGUARDED_AVAILABILITY = YES_AGGRESSIVE;
				CLANG_WARN_UNREACHABLE_CODE = YES;
				CLANG_WARN__DUPLICATE_METHOD_MATCH = YES;
				COPY_PHASE_STRIP = NO;
				DEBUG_INFORMATION_FORMAT = dwarf;
				ENABLE_STRICT_OBJC_MSGSEND = YES;
				ENABLE_TESTABILITY = YES;
				ENABLE_USER_SCRIPT_SANDBOXING = YES;
				GCC_C_LANGUAGE_STANDARD = gnu17;
				GCC_DYNAMIC_NO_PIC = NO;
				GCC_NO_COMMON_BLOCKS = YES;
				GCC_OPTIMIZATION_LEVEL = 0;
				GCC_PREPROCESSOR_DEFINITIONS = (
					"DEBUG=1",
					"$(inherited)",
				);
				GCC_WARN_64_TO_32_BIT_CONVERSION = YES;
				GCC_WARN_ABOUT_RETURN_TYPE = YES_ERROR;
				GCC_WARN_UNDECLARED_SELECTOR = YES;
				GCC_WARN_UNINITIALIZED_AUTOS = YES_AGGRESSIVE;
				GCC_WARN_UNUSED_FUNCTION = YES;
				GCC_WARN_UNUSED_VARIABLE = YES;
				LOCALIZATION_PREFERS_STRING_CATALOGS = YES;
				MACOSX_DEPLOYMENT_TARGET = 10.15;
				MTL_ENABLE_DEBUG_INFO = INCLUDE_SOURCE;
				MTL_FAST_MATH = YES;
				ONLY_ACTIVE_ARCH = YES;
				OTHER_CFLAGS = (
					"-O0",
					"-DTOYBOX_TARGET_ATARI=2",
					"-DTOYBOX_HOST=sdl2",
					"-g",
					"-std=c++23",
					"-Wno-vla-cxx-extension",
					"-I/opt/homebrew/include/SDL2",
				);
			};
			name = Debug;
		};
		A615094F2E89D22600358801 /* Release */ = {
			isa = XCBuildConfiguration;
			buildSettings = {
				ALWAYS_SEARCH_USER_PATHS = NO;
				ASSETCATALOG_COMPILER_GENERATE_SWIFT_ASSET_SYMBOL_EXTENSIONS = YES;
				CLANG_ANALYZER_NONNULL = YES;
				CLANG_ANALYZER_NUMBER_OBJECT_CONVERSION = YES_AGGRESSIVE;
				CLANG_CXX_LANGUAGE_STANDARD = "gnu++20";
				CLANG_ENABLE_MODULES = YES;
				CLANG_ENABLE_OBJC_ARC = YES;
				CLANG_ENABLE_OBJC_WEAK = YES;
				CLANG_WARN_BLOCK_CAPTURE_AUTORELEASING = YES;
				CLANG_WARN_BOOL_CONVERSION = YES;
				CLANG_WARN_COMMA = YES;
				CLANG_WARN_CONSTANT_CONVERSION = YES;
				CLANG_WARN_DEPRECATED_OBJC_IMPLEMENTATIONS = YES;
				CLANG_WARN_DIRECT_OBJC_ISA_USAGE = YES_ERROR;
				CLANG_WARN_DOCUMENTATION_COMMENTS = YES;
				CLANG_WARN_EMPTY_BODY = YES;
				CLANG_WARN_ENUM_CONVERSION = YES;
				CLANG_WARN_INFINITE_RECURSION = YES;
				CLANG_WARN_INT_CONVERSION = YES;
				CLANG_WARN_NON_LITERAL_NULL_CONVERSION = YES;
				CLANG_WARN_OBJC_IMPLICIT_RETAIN_SELF = YES;
				CLANG_WARN_OBJC_LITERAL_CONVERSION = YES;
				CLANG_WARN_OBJC_ROOT_CLASS = YES_ERROR;
				CLANG_WARN_QUOTED_INCLUDE_IN_FRAMEWORK_HEADER = YES;
				CLANG_WARN_RANGE_LOOP_ANALYSIS = YES;
				CLANG_WARN_STRICT_PROTOTYPES = YES;
				CLANG_WARN_SUSPICIOUS_MOVE = YES;
				CLANG_WARN_UNGUARDED_AVAILABILITY = YES_AGGRESSIVE;
				CLANG_WARN_UNREACHABLE_CODE = YES;
				CLANG_WARN__DUPLICATE_METHOD_MATCH = YES;
				COPY_PHASE_STRIP = NO;
				DEBUG_INFORMATION_FORMAT = "dwarf-with-dsym";
				ENABLE_NS_ASSERTIONS = NO;
				ENABLE_STRICT_OBJC_MSGSEND = YES;
				ENABLE_USER_SCRIPT_SANDBOXING = YES;
				GCC_C_LANGUAGE_STANDARD = gnu17;
				GCC_NO_COMMON_BLOCKS = YES;
				GCC_WARN_64_TO_32_BIT_CONVERSION = YES;
				GCC_WARN_ABOUT_RETURN_TYPE = YES_ERROR;
				GCC_WARN_UNDECLARED_SELECTOR = YES;
				GCC_WARN_UNINITIALIZED_AUTOS = YES_AGGRESSIVE;
				GCC_WARN_UNUSED_FUNCTION = YES;
				GCC_WARN_UNUSED_VARIABLE = YES;
				LOCALIZATION_PREFERS_STRING_CATALOGS = YES;
				MACOSX_DEPLOYMENT_TARGET = 10.15;
				MTL_ENABLE_DEBUG_INFO = NO;
				MTL_FAST_MATH = YES;
				OTHER_CFLAGS = (
					"-O0",
					"-DTOYBOX_TARGET_ATARI=2",
					"-DTOYBOX_HOST=sdl2",
					"-g",
					"-std=c++23",
					"-Wno-vla-cxx-extension",
					"-I/opt/homebrew/include/SDL2",
				);
			};
			name = Release;
		};
		A6150A502E89D81000358801 /* Debug */ = {
			isa = XCBuildConfiguration;
			buildSettings = {
				CODE_SIGN_STYLE = Automatic;
				DEBUGGING_SYMBOLS = YES;
				DEBUG_INFORMATION_FORMAT = dwarf;
				GCC_GENERATE_DEBUGGING_SYMBOLS = YES;
				GCC_OPTIMIZATION_LEVEL = 0;
				HEADER_SEARCH_PATHS = (
					"$(PROJECT_DIR)/../../include",
					"$(PROJECT_DIR)/../../../toybox/include",
				);
				PRODUCT_NAME = "$(TARGET_NAME)";
			};
			name = Debug;
		};
		A6150A512E89D81000358801 /* Release */ = {
			isa = XCBuildConfiguration;
			buildSettings = {
				CODE_SIGN_STYLE = Automatic;
				DEBUG_INFORMATION_FORMAT = "dwarf-with-dsym";
				HEADER_SEARCH_PATHS = (
					"$(PROJECT_DIR)/../../include",
					"$(PROJECT_DIR)/../../../toybox/include",
				);
				PRODUCT_NAME = "$(TARGET_NAME)";
			};
			name = Release;
		};
		A65231F82E89EE2E00750BC8 /* Debug */ = {
			isa = XCBuildConfiguration;
			buildSettings = {
				CODE_SIGN_STYLE = Automatic;
				MACOSX_DEPLOYMENT_TARGET = 15.7;
				PRODUCT_NAME = "$(TARGET_NAME)";
				SDKROOT = macosx;
			};
			name = Debug;
		};
		A65231F92E89EE2E00750BC8 /* Release */ = {
			isa = XCBuildConfiguration;
			buildSettings = {
				CODE_SIGN_STYLE = Automatic;
				MACOSX_DEPLOYMENT_TARGET = 15.7;
				PRODUCT_NAME = "$(TARGET_NAME)";
				SDKROOT = macosx;
			};
			name = Release;
		};
/* End XCBuildConfiguration section */

/* Begin XCConfigurationList section */
		A615094C2E89D22600358801 /* Build configuration list for PBXProject "cgrid" */ = {
			isa = XCConfigurationList;
			buildConfigurations = (
				A615094E2E89D22600358801 /* Debug */,
				A615094F2E89D22600358801 /* Release */,
			);
			defaultConfigurationIsVisible = 0;
			defaultConfigurationName = Release;
		};
		A6150A4F2E89D81000358801 /* Build configuration list for PBXLegacyTarget "cgrid" */ = {
			isa = XCConfigurationList;
			buildConfigurations = (
				A6150A502E89D81000358801 /* Debug */,
				A6150A512E89D81000358801 /* Release */,
			);
			defaultConfigurationIsVisible = 0;
			defaultConfigurationName = Release;
		};
		A65231F72E89EE2E00750BC8 /* Build configuration list for PBXNativeTarget "cgrid_index" */ = {
			isa = XCConfigurationList;
			buildConfigurations = (
				A65231F82E89EE2E00750BC8 /* Debug */,
				A65231F92E89EE2E00750BC8 /* Release */,
			);
			defaultConfigurationIsVisible = 0;
			defaultConfigurationName = Release;
		};
/* End XCConfigurationList section */
	};
	rootObject = A61509492E89D22600358801 /* Project object */;
}
