// !$*UTF8*$!
{
	archiveVersion = 1;
	classes = {
	};
	objectVersion = 50;
	objects = {

/* Begin PBXBuildFile section */
		A682A3E02B90CEE700FF2E57 /* graphics_stencil.cpp in Sources */ = {isa = PBXBuildFile; fileRef = A682A3DF2B90CEE700FF2E57 /* graphics_stencil.cpp */; };
		A682A3E32B9227AC00FF2E57 /* resources.cpp in Sources */ = {isa = PBXBuildFile; fileRef = A682A3E12B9227AC00FF2E57 /* resources.cpp */; };
		A682A3E72B92459500FF2E57 /* scene.cpp in Sources */ = {isa = PBXBuildFile; fileRef = A682A3E52B92459500FF2E57 /* scene.cpp */; };
		A682A3EA2B92613F00FF2E57 /* game_intro.cpp in Sources */ = {isa = PBXBuildFile; fileRef = A682A3E82B92613F00FF2E57 /* game_intro.cpp */; };
		A69AE49F2B6EB9A900EBA43D /* AppDelegate.mm in Sources */ = {isa = PBXBuildFile; fileRef = A69AE49E2B6EB9A900EBA43D /* AppDelegate.mm */; };
		A69AE4A12B6EB9B000EBA43D /* Assets.xcassets in Resources */ = {isa = PBXBuildFile; fileRef = A69AE4A02B6EB9B000EBA43D /* Assets.xcassets */; };
		A69AE4A42B6EB9B000EBA43D /* MainMenu.xib in Resources */ = {isa = PBXBuildFile; fileRef = A69AE4A22B6EB9B000EBA43D /* MainMenu.xib */; };
		A69AE4A72B6EB9B000EBA43D /* main.m in Sources */ = {isa = PBXBuildFile; fileRef = A69AE4A62B6EB9B000EBA43D /* main.m */; };
		A69AE4BC2B6EBC4E00EBA43D /* Makefile in Sources */ = {isa = PBXBuildFile; fileRef = A69AE4BB2B6EBC4E00EBA43D /* Makefile */; };
		A69AE4C22B6EBFCA00EBA43D /* game.cpp in Sources */ = {isa = PBXBuildFile; fileRef = A69AE4C02B6EBFCA00EBA43D /* game.cpp */; };
		A69AE4CB2B6FEFE500EBA43D /* graphics.cpp in Sources */ = {isa = PBXBuildFile; fileRef = A69AE4C92B6FEFE500EBA43D /* graphics.cpp */; };
		A69AE4D52B701EF600EBA43D /* iff_file.cpp in Sources */ = {isa = PBXBuildFile; fileRef = A69AE4D32B701EF600EBA43D /* iff_file.cpp */; };
		A69AE4D92B7062AC00EBA43D /* cpp_runtime.cpp in Sources */ = {isa = PBXBuildFile; fileRef = A69AE4D82B7062AC00EBA43D /* cpp_runtime.cpp */; };
		A69AE4DD2B70693500EBA43D /* backgrnd.iff in Resources */ = {isa = PBXBuildFile; fileRef = A69AE4DC2B70693500EBA43D /* backgrnd.iff */; };
		A69AE4E62B72857F00EBA43D /* test.iff in Resources */ = {isa = PBXBuildFile; fileRef = A69AE4E42B72851700EBA43D /* test.iff */; };
		A69AE4E92B77FED300EBA43D /* cursor.iff in Resources */ = {isa = PBXBuildFile; fileRef = A69AE4E82B77FED300EBA43D /* cursor.iff */; };
		A69AE4ED2B791FF100EBA43D /* system.cpp in Sources */ = {isa = PBXBuildFile; fileRef = A69AE4EB2B791FF100EBA43D /* system.cpp */; settings = {COMPILER_FLAGS = "-x objective-c++"; }; };
		A69AE5022B82983A00EBA43D /* audio.cpp in Sources */ = {isa = PBXBuildFile; fileRef = A69AE5002B82983A00EBA43D /* audio.cpp */; };
		A69AE5062B82B1E300EBA43D /* music.snd in Resources */ = {isa = PBXBuildFile; fileRef = A69AE5052B82B1E300EBA43D /* music.snd */; };
		A69AE50C2B82CDB500EBA43D /* README.MD in Resources */ = {isa = PBXBuildFile; fileRef = A69AE50B2B82CDB500EBA43D /* README.MD */; };
		A69AE5112B85031400EBA43D /* orbs.iff in Resources */ = {isa = PBXBuildFile; fileRef = A69AE50F2B85031400EBA43D /* orbs.iff */; };
		A69AE5122B85031400EBA43D /* tiles.iff in Resources */ = {isa = PBXBuildFile; fileRef = A69AE5102B85031400EBA43D /* tiles.iff */; };
		A69AE5172B88F53500EBA43D /* graphics_draw.cpp in Sources */ = {isa = PBXBuildFile; fileRef = A69AE5162B88F53500EBA43D /* graphics_draw.cpp */; };
		A69AE51A2B8AA0EE00EBA43D /* font.iff in Resources */ = {isa = PBXBuildFile; fileRef = A69AE5192B8AA0EE00EBA43D /* font.iff */; };
		A69AE51D2B8AC25300EBA43D /* graphics_draw_blitter.cpp in Sources */ = {isa = PBXBuildFile; fileRef = A69AE51C2B8AC25300EBA43D /* graphics_draw_blitter.cpp */; };
		A69AE5212B8BB71E00EBA43D /* blitter.cpp in Sources */ = {isa = PBXBuildFile; fileRef = A69AE51F2B8BB71E00EBA43D /* blitter.cpp */; };
		A69AE52E2B8D76FA00EBA43D /* button.iff in Resources */ = {isa = PBXBuildFile; fileRef = A69AE52D2B8D76FA00EBA43D /* button.iff */; };
		A69AE5312B8D9A2400EBA43D /* font6.iff in Resources */ = {isa = PBXBuildFile; fileRef = A69AE5302B8D9A2400EBA43D /* font6.iff */; };
		A6A4192F2B9954DD0062339B /* game_level_edit.cpp in Sources */ = {isa = PBXBuildFile; fileRef = A6A4192D2B9954DD0062339B /* game_level_edit.cpp */; };
		A6A419442B9ABA610062339B /* graphics_ilbm.cpp in Sources */ = {isa = PBXBuildFile; fileRef = A6A419432B9ABA610062339B /* graphics_ilbm.cpp */; };
		A6A4194C2B9B6D530062339B /* main.cpp in Sources */ = {isa = PBXBuildFile; fileRef = A6A4194B2B9B6D530062339B /* main.cpp */; };
		A6E484B22B9FE5D7004CCA7D /* main.cpp in Sources */ = {isa = PBXBuildFile; fileRef = A6E484B12B9FE5D7004CCA7D /* main.cpp */; };
		A6E484BE2B9FEE81004CCA7D /* graphics_ilbm.cpp in Sources */ = {isa = PBXBuildFile; fileRef = A6A419432B9ABA610062339B /* graphics_ilbm.cpp */; };
		A6E484BF2B9FEEA5004CCA7D /* graphics_draw.cpp in Sources */ = {isa = PBXBuildFile; fileRef = A69AE5162B88F53500EBA43D /* graphics_draw.cpp */; };
		A6E484C02B9FEEB5004CCA7D /* iff_file.cpp in Sources */ = {isa = PBXBuildFile; fileRef = A69AE4D32B701EF600EBA43D /* iff_file.cpp */; };
		A6E484C12B9FEED2004CCA7D /* graphics_draw_blitter.cpp in Sources */ = {isa = PBXBuildFile; fileRef = A69AE51C2B8AC25300EBA43D /* graphics_draw_blitter.cpp */; };
		A6E484C22B9FEEE0004CCA7D /* blitter.cpp in Sources */ = {isa = PBXBuildFile; fileRef = A69AE51F2B8BB71E00EBA43D /* blitter.cpp */; };
		A6E484C72B9FFCE2004CCA7D /* libpng16.16.dylib in Frameworks */ = {isa = PBXBuildFile; fileRef = A6E484C62B9FFCE2004CCA7D /* libpng16.16.dylib */; };
		A6E484C82BA00F1C004CCA7D /* graphics.cpp in Sources */ = {isa = PBXBuildFile; fileRef = A69AE4C92B6FEFE500EBA43D /* graphics.cpp */; };
		A6E484C92BA09CA4004CCA7D /* iff_file.cpp in Sources */ = {isa = PBXBuildFile; fileRef = A69AE4D32B701EF600EBA43D /* iff_file.cpp */; };
		A6E484CE2BA1ED02004CCA7D /* break.aif in Resources */ = {isa = PBXBuildFile; fileRef = A6E484CA2BA1ED02004CCA7D /* break.aif */; };
		A6E484CF2BA1ED02004CCA7D /* tock.aif in Resources */ = {isa = PBXBuildFile; fileRef = A6E484CB2BA1ED02004CCA7D /* tock.aif */; };
		A6E484D02BA1ED02004CCA7D /* fuse.aif in Resources */ = {isa = PBXBuildFile; fileRef = A6E484CC2BA1ED02004CCA7D /* fuse.aif */; };
		A6E484D12BA1ED02004CCA7D /* drop.aif in Resources */ = {isa = PBXBuildFile; fileRef = A6E484CD2BA1ED02004CCA7D /* drop.aif */; };
		A6E484D32BA293EE004CCA7D /* take.aif in Resources */ = {isa = PBXBuildFile; fileRef = A6E484D22BA293EE004CCA7D /* take.aif */; };
		A6E484D52BA3381D004CCA7D /* button.cpp in Sources */ = {isa = PBXBuildFile; fileRef = A6E484D42BA3381D004CCA7D /* button.cpp */; };
		A6E484D72BA33F68004CCA7D /* levels.dat in Resources */ = {isa = PBXBuildFile; fileRef = A6E484D62BA33F68004CCA7D /* levels.dat */; };
		A6E484D92BA3EDB6004CCA7D /* game_scores.cpp in Sources */ = {isa = PBXBuildFile; fileRef = A6E484D82BA3EDB6004CCA7D /* game_scores.cpp */; };
		A6E484DB2BA5F48B004CCA7D /* fusebrk.aif in Resources */ = {isa = PBXBuildFile; fileRef = A6E484DA2BA5F48B004CCA7D /* fusebrk.aif */; };
		A6E484DD2BA92889004CCA7D /* graphics_dirtymap.cpp in Sources */ = {isa = PBXBuildFile; fileRef = A6E484DC2BA92889004CCA7D /* graphics_dirtymap.cpp */; };
		A6F766AB2B9509EB00325754 /* game_credits.cpp in Sources */ = {isa = PBXBuildFile; fileRef = A6F766AA2B9509EB00325754 /* game_credits.cpp */; };
		A6F766AD2B96A80000325754 /* level.cpp in Sources */ = {isa = PBXBuildFile; fileRef = A6F766AC2B96A80000325754 /* level.cpp */; };
		A6F766AF2B96AA9F00325754 /* game_level.cpp in Sources */ = {isa = PBXBuildFile; fileRef = A6F766AE2B96AA9F00325754 /* game_level.cpp */; };
		A6F766B12B98BC2600325754 /* select.iff in Resources */ = {isa = PBXBuildFile; fileRef = A6F766B02B98BC2600325754 /* select.iff */; };
/* End PBXBuildFile section */

/* Begin PBXCopyFilesBuildPhase section */
		A6A419472B9B6D530062339B /* CopyFiles */ = {
			isa = PBXCopyFilesBuildPhase;
			buildActionMask = 2147483647;
			dstPath = /usr/share/man/man1/;
			dstSubfolderSpec = 0;
			files = (
			);
			runOnlyForDeploymentPostprocessing = 1;
		};
		A6E484AD2B9FE5D7004CCA7D /* CopyFiles */ = {
			isa = PBXCopyFilesBuildPhase;
			buildActionMask = 2147483647;
			dstPath = /usr/share/man/man1/;
			dstSubfolderSpec = 0;
			files = (
			);
			runOnlyForDeploymentPostprocessing = 1;
		};
/* End PBXCopyFilesBuildPhase section */

/* Begin PBXFileReference section */
		A682A3DF2B90CEE700FF2E57 /* graphics_stencil.cpp */ = {isa = PBXFileReference; lastKnownFileType = sourcecode.cpp.cpp; path = graphics_stencil.cpp; sourceTree = "<group>"; };
		A682A3E12B9227AC00FF2E57 /* resources.cpp */ = {isa = PBXFileReference; lastKnownFileType = sourcecode.cpp.cpp; path = resources.cpp; sourceTree = "<group>"; };
		A682A3E22B9227AC00FF2E57 /* resources.hpp */ = {isa = PBXFileReference; lastKnownFileType = sourcecode.cpp.h; path = resources.hpp; sourceTree = "<group>"; };
		A682A3E52B92459500FF2E57 /* scene.cpp */ = {isa = PBXFileReference; lastKnownFileType = sourcecode.cpp.cpp; path = scene.cpp; sourceTree = "<group>"; };
		A682A3E62B92459500FF2E57 /* scene.hpp */ = {isa = PBXFileReference; lastKnownFileType = sourcecode.cpp.h; path = scene.hpp; sourceTree = "<group>"; };
		A682A3E82B92613F00FF2E57 /* game_intro.cpp */ = {isa = PBXFileReference; lastKnownFileType = sourcecode.cpp.cpp; path = game_intro.cpp; sourceTree = "<group>"; };
		A69AE49A2B6EB9A900EBA43D /* ChromaGrid.app */ = {isa = PBXFileReference; explicitFileType = wrapper.application; includeInIndex = 0; path = ChromaGrid.app; sourceTree = BUILT_PRODUCTS_DIR; };
		A69AE49D2B6EB9A900EBA43D /* AppDelegate.h */ = {isa = PBXFileReference; lastKnownFileType = sourcecode.c.h; path = AppDelegate.h; sourceTree = "<group>"; };
		A69AE49E2B6EB9A900EBA43D /* AppDelegate.mm */ = {isa = PBXFileReference; lastKnownFileType = sourcecode.cpp.objcpp; path = AppDelegate.mm; sourceTree = "<group>"; };
		A69AE4A02B6EB9B000EBA43D /* Assets.xcassets */ = {isa = PBXFileReference; lastKnownFileType = folder.assetcatalog; path = Assets.xcassets; sourceTree = "<group>"; };
		A69AE4A32B6EB9B000EBA43D /* Base */ = {isa = PBXFileReference; lastKnownFileType = file.xib; name = Base; path = Base.lproj/MainMenu.xib; sourceTree = "<group>"; };
		A69AE4A52B6EB9B000EBA43D /* Info.plist */ = {isa = PBXFileReference; lastKnownFileType = text.plist.xml; path = Info.plist; sourceTree = "<group>"; };
		A69AE4A62B6EB9B000EBA43D /* main.m */ = {isa = PBXFileReference; lastKnownFileType = sourcecode.c.objc; path = main.m; sourceTree = "<group>"; };
		A69AE4B02B6EB9EB00EBA43D /* level.hpp */ = {isa = PBXFileReference; fileEncoding = 4; lastKnownFileType = sourcecode.cpp.h; path = level.hpp; sourceTree = "<group>"; };
		A69AE4B72B6EBC4100EBA43D /* main.cpp */ = {isa = PBXFileReference; lastKnownFileType = sourcecode.cpp.cpp; path = main.cpp; sourceTree = "<group>"; };
		A69AE4BB2B6EBC4E00EBA43D /* Makefile */ = {isa = PBXFileReference; fileEncoding = 4; lastKnownFileType = sourcecode.make; path = Makefile; sourceTree = "<group>"; };
		A69AE4C02B6EBFCA00EBA43D /* game.cpp */ = {isa = PBXFileReference; lastKnownFileType = sourcecode.cpp.cpp; path = game.cpp; sourceTree = "<group>"; };
		A69AE4C12B6EBFCA00EBA43D /* game.hpp */ = {isa = PBXFileReference; lastKnownFileType = sourcecode.cpp.h; path = game.hpp; sourceTree = "<group>"; };
		A69AE4C52B6EC28800EBA43D /* cincludes.hpp */ = {isa = PBXFileReference; fileEncoding = 4; lastKnownFileType = sourcecode.cpp.h; path = cincludes.hpp; sourceTree = "<group>"; };
		A69AE4C92B6FEFE500EBA43D /* graphics.cpp */ = {isa = PBXFileReference; lastKnownFileType = sourcecode.cpp.cpp; path = graphics.cpp; sourceTree = "<group>"; };
		A69AE4CA2B6FEFE500EBA43D /* graphics.hpp */ = {isa = PBXFileReference; lastKnownFileType = sourcecode.cpp.h; path = graphics.hpp; sourceTree = "<group>"; };
		A69AE4D32B701EF600EBA43D /* iff_file.cpp */ = {isa = PBXFileReference; lastKnownFileType = sourcecode.cpp.cpp; path = iff_file.cpp; sourceTree = "<group>"; };
		A69AE4D42B701EF600EBA43D /* iff_file.hpp */ = {isa = PBXFileReference; lastKnownFileType = sourcecode.cpp.h; path = iff_file.hpp; sourceTree = "<group>"; };
		A69AE4D82B7062AC00EBA43D /* cpp_runtime.cpp */ = {isa = PBXFileReference; fileEncoding = 4; lastKnownFileType = sourcecode.cpp.cpp; path = cpp_runtime.cpp; sourceTree = "<group>"; };
		A69AE4DC2B70693500EBA43D /* backgrnd.iff */ = {isa = PBXFileReference; lastKnownFileType = file; path = backgrnd.iff; sourceTree = "<group>"; };
		A69AE4E42B72851700EBA43D /* test.iff */ = {isa = PBXFileReference; lastKnownFileType = file; path = test.iff; sourceTree = "<group>"; };
		A69AE4E82B77FED300EBA43D /* cursor.iff */ = {isa = PBXFileReference; lastKnownFileType = file; path = cursor.iff; sourceTree = "<group>"; };
		A69AE4EB2B791FF100EBA43D /* system.cpp */ = {isa = PBXFileReference; lastKnownFileType = sourcecode.cpp.cpp; path = system.cpp; sourceTree = "<group>"; };
		A69AE4EC2B791FF100EBA43D /* system.hpp */ = {isa = PBXFileReference; lastKnownFileType = sourcecode.cpp.h; path = system.hpp; sourceTree = "<group>"; };
		A69AE4EF2B79202A00EBA43D /* system_m68k.s */ = {isa = PBXFileReference; lastKnownFileType = sourcecode.asm; path = system_m68k.s; sourceTree = "<group>"; };
		A69AE4F42B79253A00EBA43D /* types.hpp */ = {isa = PBXFileReference; lastKnownFileType = sourcecode.cpp.h; path = types.hpp; sourceTree = "<group>"; };
		A69AE4FA2B793CEF00EBA43D /* system_host.hpp */ = {isa = PBXFileReference; lastKnownFileType = sourcecode.cpp.h; path = system_host.hpp; sourceTree = "<group>"; };
		A69AE5002B82983A00EBA43D /* audio.cpp */ = {isa = PBXFileReference; lastKnownFileType = sourcecode.cpp.cpp; path = audio.cpp; sourceTree = "<group>"; };
		A69AE5012B82983A00EBA43D /* audio.hpp */ = {isa = PBXFileReference; lastKnownFileType = sourcecode.cpp.h; path = audio.hpp; sourceTree = "<group>"; };
		A69AE5052B82B1E300EBA43D /* music.snd */ = {isa = PBXFileReference; lastKnownFileType = file; path = music.snd; sourceTree = "<group>"; };
		A69AE50B2B82CDB500EBA43D /* README.MD */ = {isa = PBXFileReference; lastKnownFileType = net.daringfireball.markdown; lineEnding = 2; path = README.MD; sourceTree = "<group>"; };
		A69AE50F2B85031400EBA43D /* orbs.iff */ = {isa = PBXFileReference; lastKnownFileType = file; path = orbs.iff; sourceTree = "<group>"; };
		A69AE5102B85031400EBA43D /* tiles.iff */ = {isa = PBXFileReference; lastKnownFileType = file; path = tiles.iff; sourceTree = "<group>"; };
		A69AE5162B88F53500EBA43D /* graphics_draw.cpp */ = {isa = PBXFileReference; lastKnownFileType = sourcecode.cpp.cpp; path = graphics_draw.cpp; sourceTree = "<group>"; };
		A69AE5192B8AA0EE00EBA43D /* font.iff */ = {isa = PBXFileReference; lastKnownFileType = file; path = font.iff; sourceTree = "<group>"; };
		A69AE51C2B8AC25300EBA43D /* graphics_draw_blitter.cpp */ = {isa = PBXFileReference; lastKnownFileType = sourcecode.cpp.cpp; path = graphics_draw_blitter.cpp; sourceTree = "<group>"; };
		A69AE51F2B8BB71E00EBA43D /* blitter.cpp */ = {isa = PBXFileReference; lastKnownFileType = sourcecode.cpp.cpp; path = blitter.cpp; sourceTree = "<group>"; };
		A69AE5202B8BB71E00EBA43D /* blitter.hpp */ = {isa = PBXFileReference; lastKnownFileType = sourcecode.cpp.h; path = blitter.hpp; sourceTree = "<group>"; };
		A69AE52D2B8D76FA00EBA43D /* button.iff */ = {isa = PBXFileReference; lastKnownFileType = file; path = button.iff; sourceTree = "<group>"; };
		A69AE5302B8D9A2400EBA43D /* font6.iff */ = {isa = PBXFileReference; lastKnownFileType = file; path = font6.iff; sourceTree = "<group>"; };
		A6A4192D2B9954DD0062339B /* game_level_edit.cpp */ = {isa = PBXFileReference; lastKnownFileType = sourcecode.cpp.cpp; path = game_level_edit.cpp; sourceTree = "<group>"; };
		A6A419432B9ABA610062339B /* graphics_ilbm.cpp */ = {isa = PBXFileReference; lastKnownFileType = sourcecode.cpp.cpp; path = graphics_ilbm.cpp; sourceTree = "<group>"; };
		A6A419492B9B6D530062339B /* iffutil */ = {isa = PBXFileReference; explicitFileType = "compiled.mach-o.executable"; includeInIndex = 0; path = iffutil; sourceTree = BUILT_PRODUCTS_DIR; };
		A6A4194B2B9B6D530062339B /* main.cpp */ = {isa = PBXFileReference; lastKnownFileType = sourcecode.cpp.cpp; path = main.cpp; sourceTree = "<group>"; };
		A6E484AA2B9D0172004CCA7D /* Assets */ = {isa = PBXFileReference; lastKnownFileType = folder; path = Assets; sourceTree = "<group>"; };
		A6E484AF2B9FE5D7004CCA7D /* png2ilbm */ = {isa = PBXFileReference; explicitFileType = "compiled.mach-o.executable"; includeInIndex = 0; path = png2ilbm; sourceTree = BUILT_PRODUCTS_DIR; };
		A6E484B12B9FE5D7004CCA7D /* main.cpp */ = {isa = PBXFileReference; lastKnownFileType = sourcecode.cpp.cpp; path = main.cpp; sourceTree = "<group>"; };
		A6E484B72B9FE63A004CCA7D /* arguments.hpp */ = {isa = PBXFileReference; lastKnownFileType = sourcecode.cpp.h; path = arguments.hpp; sourceTree = "<group>"; };
		A6E484C42B9FFCC5004CCA7D /* 1.6.43 */ = {isa = PBXFileReference; lastKnownFileType = folder; name = 1.6.43; path = ../../../../../opt/homebrew/Cellar/libpng/1.6.43; sourceTree = "<group>"; };
		A6E484C62B9FFCE2004CCA7D /* libpng16.16.dylib */ = {isa = PBXFileReference; lastKnownFileType = "compiled.mach-o.dylib"; name = libpng16.16.dylib; path = ../../../../../opt/homebrew/Cellar/libpng/1.6.43/lib/libpng16.16.dylib; sourceTree = "<group>"; };
		A6E484CA2BA1ED02004CCA7D /* break.aif */ = {isa = PBXFileReference; lastKnownFileType = file; path = break.aif; sourceTree = "<group>"; };
		A6E484CB2BA1ED02004CCA7D /* tock.aif */ = {isa = PBXFileReference; lastKnownFileType = file; path = tock.aif; sourceTree = "<group>"; };
		A6E484CC2BA1ED02004CCA7D /* fuse.aif */ = {isa = PBXFileReference; lastKnownFileType = file; path = fuse.aif; sourceTree = "<group>"; };
		A6E484CD2BA1ED02004CCA7D /* drop.aif */ = {isa = PBXFileReference; lastKnownFileType = file; path = drop.aif; sourceTree = "<group>"; };
		A6E484D22BA293EE004CCA7D /* take.aif */ = {isa = PBXFileReference; lastKnownFileType = file; path = take.aif; sourceTree = "<group>"; };
		A6E484D42BA3381D004CCA7D /* button.cpp */ = {isa = PBXFileReference; lastKnownFileType = sourcecode.cpp.cpp; path = button.cpp; sourceTree = "<group>"; };
		A6E484D62BA33F68004CCA7D /* levels.dat */ = {isa = PBXFileReference; lastKnownFileType = file; path = levels.dat; sourceTree = "<group>"; };
		A6E484D82BA3EDB6004CCA7D /* game_scores.cpp */ = {isa = PBXFileReference; lastKnownFileType = sourcecode.cpp.cpp; path = game_scores.cpp; sourceTree = "<group>"; };
		A6E484DA2BA5F48B004CCA7D /* fusebrk.aif */ = {isa = PBXFileReference; lastKnownFileType = file; path = fusebrk.aif; sourceTree = "<group>"; };
		A6E484DC2BA92889004CCA7D /* graphics_dirtymap.cpp */ = {isa = PBXFileReference; lastKnownFileType = sourcecode.cpp.cpp; path = graphics_dirtymap.cpp; sourceTree = "<group>"; };
		A6E484E02BAE6D49004CCA7D /* utility.hpp */ = {isa = PBXFileReference; lastKnownFileType = sourcecode.cpp.h; path = utility.hpp; sourceTree = "<group>"; };
		A6E484E12BAE6DB3004CCA7D /* vector.hpp */ = {isa = PBXFileReference; lastKnownFileType = sourcecode.cpp.h; path = vector.hpp; sourceTree = "<group>"; };
		A6E484E22BAE709B004CCA7D /* type_traits.hpp */ = {isa = PBXFileReference; lastKnownFileType = sourcecode.cpp.h; path = type_traits.hpp; sourceTree = "<group>"; };
		A6F766A82B94FC8600325754 /* button.hpp */ = {isa = PBXFileReference; lastKnownFileType = sourcecode.cpp.h; path = button.hpp; sourceTree = "<group>"; };
		A6F766AA2B9509EB00325754 /* game_credits.cpp */ = {isa = PBXFileReference; lastKnownFileType = sourcecode.cpp.cpp; path = game_credits.cpp; sourceTree = "<group>"; };
		A6F766AC2B96A80000325754 /* level.cpp */ = {isa = PBXFileReference; lastKnownFileType = sourcecode.cpp.cpp; path = level.cpp; sourceTree = "<group>"; };
		A6F766AE2B96AA9F00325754 /* game_level.cpp */ = {isa = PBXFileReference; lastKnownFileType = sourcecode.cpp.cpp; path = game_level.cpp; sourceTree = "<group>"; };
		A6F766B02B98BC2600325754 /* select.iff */ = {isa = PBXFileReference; lastKnownFileType = file; path = select.iff; sourceTree = "<group>"; };
/* End PBXFileReference section */

/* Begin PBXFrameworksBuildPhase section */
		A69AE4972B6EB9A900EBA43D /* Frameworks */ = {
			isa = PBXFrameworksBuildPhase;
			buildActionMask = 2147483647;
			files = (
			);
			runOnlyForDeploymentPostprocessing = 0;
		};
		A6A419462B9B6D530062339B /* Frameworks */ = {
			isa = PBXFrameworksBuildPhase;
			buildActionMask = 2147483647;
			files = (
			);
			runOnlyForDeploymentPostprocessing = 0;
		};
		A6E484AC2B9FE5D7004CCA7D /* Frameworks */ = {
			isa = PBXFrameworksBuildPhase;
			buildActionMask = 2147483647;
			files = (
				A6E484C72B9FFCE2004CCA7D /* libpng16.16.dylib in Frameworks */,
			);
			runOnlyForDeploymentPostprocessing = 0;
		};
/* End PBXFrameworksBuildPhase section */

/* Begin PBXGroup section */
		A69AE4912B6EB9A900EBA43D = {
			isa = PBXGroup;
			children = (
				A69AE50B2B82CDB500EBA43D /* README.MD */,
				A6E484AA2B9D0172004CCA7D /* Assets */,
				A6E484B62B9FE5F1004CCA7D /* shared */,
				A6A4194A2B9B6D530062339B /* iffutil */,
				A6E484B02B9FE5D7004CCA7D /* png2ilbm */,
				A69AE4B62B6EBBE600EBA43D /* MacOSHost */,
				A69AE49C2B6EB9A900EBA43D /* ChromaGrid */,
				A69AE49B2B6EB9A900EBA43D /* Products */,
				A6E484C32B9FFCC5004CCA7D /* Frameworks */,
			);
			sourceTree = "<group>";
		};
		A69AE49B2B6EB9A900EBA43D /* Products */ = {
			isa = PBXGroup;
			children = (
				A69AE49A2B6EB9A900EBA43D /* ChromaGrid.app */,
				A6A419492B9B6D530062339B /* iffutil */,
				A6E484AF2B9FE5D7004CCA7D /* png2ilbm */,
			);
			name = Products;
			sourceTree = "<group>";
		};
		A69AE49C2B6EB9A900EBA43D /* ChromaGrid */ = {
			isa = PBXGroup;
			children = (
				A69AE4BB2B6EBC4E00EBA43D /* Makefile */,
				A6E484DE2BAE6717004CCA7D /* toybox */,
				A69AE5092B82CD6100EBA43D /* data */,
				A682A3E22B9227AC00FF2E57 /* resources.hpp */,
				A682A3E12B9227AC00FF2E57 /* resources.cpp */,
				A69AE4B02B6EB9EB00EBA43D /* level.hpp */,
				A6F766AC2B96A80000325754 /* level.cpp */,
				A6F766A82B94FC8600325754 /* button.hpp */,
				A6E484D42BA3381D004CCA7D /* button.cpp */,
				A69AE4C12B6EBFCA00EBA43D /* game.hpp */,
				A69AE4C02B6EBFCA00EBA43D /* game.cpp */,
				A682A3E82B92613F00FF2E57 /* game_intro.cpp */,
				A6F766AA2B9509EB00325754 /* game_credits.cpp */,
				A6E484D82BA3EDB6004CCA7D /* game_scores.cpp */,
				A6F766AE2B96AA9F00325754 /* game_level.cpp */,
				A6A4192D2B9954DD0062339B /* game_level_edit.cpp */,
				A69AE4B72B6EBC4100EBA43D /* main.cpp */,
			);
			path = ChromaGrid;
			sourceTree = "<group>";
		};
		A69AE4B62B6EBBE600EBA43D /* MacOSHost */ = {
			isa = PBXGroup;
			children = (
				A69AE49D2B6EB9A900EBA43D /* AppDelegate.h */,
				A69AE49E2B6EB9A900EBA43D /* AppDelegate.mm */,
				A69AE4A02B6EB9B000EBA43D /* Assets.xcassets */,
				A69AE4A22B6EB9B000EBA43D /* MainMenu.xib */,
				A69AE4A52B6EB9B000EBA43D /* Info.plist */,
				A69AE4A62B6EB9B000EBA43D /* main.m */,
			);
			path = MacOSHost;
			sourceTree = "<group>";
		};
		A69AE5092B82CD6100EBA43D /* data */ = {
			isa = PBXGroup;
			children = (
				A6E484D62BA33F68004CCA7D /* levels.dat */,
				A69AE4DC2B70693500EBA43D /* backgrnd.iff */,
				A69AE4E42B72851700EBA43D /* test.iff */,
				A69AE52D2B8D76FA00EBA43D /* button.iff */,
				A69AE4E82B77FED300EBA43D /* cursor.iff */,
				A69AE5192B8AA0EE00EBA43D /* font.iff */,
				A69AE5302B8D9A2400EBA43D /* font6.iff */,
				A69AE50F2B85031400EBA43D /* orbs.iff */,
				A6F766B02B98BC2600325754 /* select.iff */,
				A69AE5102B85031400EBA43D /* tiles.iff */,
				A6E484CA2BA1ED02004CCA7D /* break.aif */,
				A6E484CD2BA1ED02004CCA7D /* drop.aif */,
				A6E484D22BA293EE004CCA7D /* take.aif */,
				A6E484CC2BA1ED02004CCA7D /* fuse.aif */,
				A6E484DA2BA5F48B004CCA7D /* fusebrk.aif */,
				A6E484CB2BA1ED02004CCA7D /* tock.aif */,
				A69AE5052B82B1E300EBA43D /* music.snd */,
			);
			path = data;
			sourceTree = "<group>";
		};
		A6A4194A2B9B6D530062339B /* iffutil */ = {
			isa = PBXGroup;
			children = (
				A6A4194B2B9B6D530062339B /* main.cpp */,
			);
			path = iffutil;
			sourceTree = "<group>";
		};
		A6E484B02B9FE5D7004CCA7D /* png2ilbm */ = {
			isa = PBXGroup;
			children = (
				A6E484B12B9FE5D7004CCA7D /* main.cpp */,
			);
			path = png2ilbm;
			sourceTree = "<group>";
		};
		A6E484B62B9FE5F1004CCA7D /* shared */ = {
			isa = PBXGroup;
			children = (
				A6E484B72B9FE63A004CCA7D /* arguments.hpp */,
			);
			path = shared;
			sourceTree = "<group>";
		};
		A6E484C32B9FFCC5004CCA7D /* Frameworks */ = {
			isa = PBXGroup;
			children = (
				A6E484C62B9FFCE2004CCA7D /* libpng16.16.dylib */,
				A6E484C42B9FFCC5004CCA7D /* 1.6.43 */,
			);
			name = Frameworks;
			sourceTree = "<group>";
		};
		A6E484DE2BAE6717004CCA7D /* toybox */ = {
			isa = PBXGroup;
			children = (
				A6E484DF2BAE6C80004CCA7D /* toystd */,
				A69AE4F42B79253A00EBA43D /* types.hpp */,
				A69AE4EC2B791FF100EBA43D /* system.hpp */,
				A69AE4FA2B793CEF00EBA43D /* system_host.hpp */,
				A69AE4EB2B791FF100EBA43D /* system.cpp */,
				A69AE4EF2B79202A00EBA43D /* system_m68k.s */,
				A69AE4D42B701EF600EBA43D /* iff_file.hpp */,
				A69AE4D32B701EF600EBA43D /* iff_file.cpp */,
				A69AE4CA2B6FEFE500EBA43D /* graphics.hpp */,
				A69AE4C92B6FEFE500EBA43D /* graphics.cpp */,
				A6A419432B9ABA610062339B /* graphics_ilbm.cpp */,
				A682A3DF2B90CEE700FF2E57 /* graphics_stencil.cpp */,
				A69AE5162B88F53500EBA43D /* graphics_draw.cpp */,
				A6E484DC2BA92889004CCA7D /* graphics_dirtymap.cpp */,
				A69AE5202B8BB71E00EBA43D /* blitter.hpp */,
				A69AE51F2B8BB71E00EBA43D /* blitter.cpp */,
				A69AE51C2B8AC25300EBA43D /* graphics_draw_blitter.cpp */,
				A69AE5012B82983A00EBA43D /* audio.hpp */,
				A69AE5002B82983A00EBA43D /* audio.cpp */,
				A682A3E62B92459500FF2E57 /* scene.hpp */,
				A682A3E52B92459500FF2E57 /* scene.cpp */,
			);
			path = toybox;
			sourceTree = "<group>";
		};
		A6E484DF2BAE6C80004CCA7D /* toystd */ = {
			isa = PBXGroup;
			children = (
				A69AE4C52B6EC28800EBA43D /* cincludes.hpp */,
				A6E484E22BAE709B004CCA7D /* type_traits.hpp */,
				A6E484E02BAE6D49004CCA7D /* utility.hpp */,
				A6E484E12BAE6DB3004CCA7D /* vector.hpp */,
				A69AE4D82B7062AC00EBA43D /* cpp_runtime.cpp */,
			);
			name = toystd;
			sourceTree = "<group>";
		};
/* End PBXGroup section */

/* Begin PBXNativeTarget section */
		A69AE4992B6EB9A900EBA43D /* ChromaGrid */ = {
			isa = PBXNativeTarget;
			buildConfigurationList = A69AE4AB2B6EB9B000EBA43D /* Build configuration list for PBXNativeTarget "ChromaGrid" */;
			buildPhases = (
				A69AE4962B6EB9A900EBA43D /* Sources */,
				A69AE4972B6EB9A900EBA43D /* Frameworks */,
				A69AE4982B6EB9A900EBA43D /* Resources */,
			);
			buildRules = (
			);
			dependencies = (
			);
			name = ChromaGrid;
			productName = ChromaGrid;
			productReference = A69AE49A2B6EB9A900EBA43D /* ChromaGrid.app */;
			productType = "com.apple.product-type.application";
		};
		A6A419482B9B6D530062339B /* iffutil */ = {
			isa = PBXNativeTarget;
			buildConfigurationList = A6A4194D2B9B6D530062339B /* Build configuration list for PBXNativeTarget "iffutil" */;
			buildPhases = (
				A6A419452B9B6D530062339B /* Sources */,
				A6A419462B9B6D530062339B /* Frameworks */,
				A6A419472B9B6D530062339B /* CopyFiles */,
			);
			buildRules = (
			);
			dependencies = (
			);
			name = iffutil;
			productName = iffutil;
			productReference = A6A419492B9B6D530062339B /* iffutil */;
			productType = "com.apple.product-type.tool";
		};
		A6E484AE2B9FE5D7004CCA7D /* png2ilbm */ = {
			isa = PBXNativeTarget;
			buildConfigurationList = A6E484B32B9FE5D7004CCA7D /* Build configuration list for PBXNativeTarget "png2ilbm" */;
			buildPhases = (
				A6E484AB2B9FE5D7004CCA7D /* Sources */,
				A6E484AC2B9FE5D7004CCA7D /* Frameworks */,
				A6E484AD2B9FE5D7004CCA7D /* CopyFiles */,
			);
			buildRules = (
			);
			dependencies = (
			);
			name = png2ilbm;
			productName = png2ilbm;
			productReference = A6E484AF2B9FE5D7004CCA7D /* png2ilbm */;
			productType = "com.apple.product-type.tool";
		};
/* End PBXNativeTarget section */

/* Begin PBXProject section */
		A69AE4922B6EB9A900EBA43D /* Project object */ = {
			isa = PBXProject;
			attributes = {
				LastUpgradeCheck = 1230;
				TargetAttributes = {
					A69AE4992B6EB9A900EBA43D = {
						CreatedOnToolsVersion = 12.3;
					};
					A6A419482B9B6D530062339B = {
						CreatedOnToolsVersion = 15.3;
					};
					A6E484AE2B9FE5D7004CCA7D = {
						CreatedOnToolsVersion = 15.3;
					};
				};
			};
			buildConfigurationList = A69AE4952B6EB9A900EBA43D /* Build configuration list for PBXProject "ChromaGrid" */;
			compatibilityVersion = "Xcode 9.3";
			developmentRegion = en;
			hasScannedForEncodings = 0;
			knownRegions = (
				en,
				Base,
			);
			mainGroup = A69AE4912B6EB9A900EBA43D;
			productRefGroup = A69AE49B2B6EB9A900EBA43D /* Products */;
			projectDirPath = "";
			projectRoot = "";
			targets = (
				A69AE4992B6EB9A900EBA43D /* ChromaGrid */,
				A6A419482B9B6D530062339B /* iffutil */,
				A6E484AE2B9FE5D7004CCA7D /* png2ilbm */,
			);
		};
/* End PBXProject section */

/* Begin PBXResourcesBuildPhase section */
		A69AE4982B6EB9A900EBA43D /* Resources */ = {
			isa = PBXResourcesBuildPhase;
			buildActionMask = 2147483647;
			files = (
				A69AE4A12B6EB9B000EBA43D /* Assets.xcassets in Resources */,
				A69AE5112B85031400EBA43D /* orbs.iff in Resources */,
				A69AE4E92B77FED300EBA43D /* cursor.iff in Resources */,
				A6E484D12BA1ED02004CCA7D /* drop.aif in Resources */,
				A69AE4E62B72857F00EBA43D /* test.iff in Resources */,
				A6E484CF2BA1ED02004CCA7D /* tock.aif in Resources */,
				A6E484CE2BA1ED02004CCA7D /* break.aif in Resources */,
				A6E484D72BA33F68004CCA7D /* levels.dat in Resources */,
				A69AE4A42B6EB9B000EBA43D /* MainMenu.xib in Resources */,
				A69AE50C2B82CDB500EBA43D /* README.MD in Resources */,
				A69AE51A2B8AA0EE00EBA43D /* font.iff in Resources */,
				A6E484D02BA1ED02004CCA7D /* fuse.aif in Resources */,
				A69AE52E2B8D76FA00EBA43D /* button.iff in Resources */,
				A69AE5062B82B1E300EBA43D /* music.snd in Resources */,
				A6E484D32BA293EE004CCA7D /* take.aif in Resources */,
				A6E484DB2BA5F48B004CCA7D /* fusebrk.aif in Resources */,
				A69AE5312B8D9A2400EBA43D /* font6.iff in Resources */,
				A69AE4DD2B70693500EBA43D /* backgrnd.iff in Resources */,
				A6F766B12B98BC2600325754 /* select.iff in Resources */,
				A69AE5122B85031400EBA43D /* tiles.iff in Resources */,
			);
			runOnlyForDeploymentPostprocessing = 0;
		};
/* End PBXResourcesBuildPhase section */

/* Begin PBXSourcesBuildPhase section */
		A69AE4962B6EB9A900EBA43D /* Sources */ = {
			isa = PBXSourcesBuildPhase;
			buildActionMask = 2147483647;
			files = (
				A6E484DD2BA92889004CCA7D /* graphics_dirtymap.cpp in Sources */,
				A69AE51D2B8AC25300EBA43D /* graphics_draw_blitter.cpp in Sources */,
				A69AE4ED2B791FF100EBA43D /* system.cpp in Sources */,
				A6F766AD2B96A80000325754 /* level.cpp in Sources */,
				A6E484D92BA3EDB6004CCA7D /* game_scores.cpp in Sources */,
				A6E484D52BA3381D004CCA7D /* button.cpp in Sources */,
				A69AE5212B8BB71E00EBA43D /* blitter.cpp in Sources */,
				A69AE4A72B6EB9B000EBA43D /* main.m in Sources */,
				A682A3EA2B92613F00FF2E57 /* game_intro.cpp in Sources */,
				A69AE49F2B6EB9A900EBA43D /* AppDelegate.mm in Sources */,
				A682A3E02B90CEE700FF2E57 /* graphics_stencil.cpp in Sources */,
				A69AE4BC2B6EBC4E00EBA43D /* Makefile in Sources */,
				A6F766AB2B9509EB00325754 /* game_credits.cpp in Sources */,
				A69AE5022B82983A00EBA43D /* audio.cpp in Sources */,
				A69AE4D52B701EF600EBA43D /* iff_file.cpp in Sources */,
				A6A419442B9ABA610062339B /* graphics_ilbm.cpp in Sources */,
				A682A3E32B9227AC00FF2E57 /* resources.cpp in Sources */,
				A682A3E72B92459500FF2E57 /* scene.cpp in Sources */,
				A69AE4D92B7062AC00EBA43D /* cpp_runtime.cpp in Sources */,
				A6F766AF2B96AA9F00325754 /* game_level.cpp in Sources */,
				A69AE4C22B6EBFCA00EBA43D /* game.cpp in Sources */,
				A69AE5172B88F53500EBA43D /* graphics_draw.cpp in Sources */,
				A6A4192F2B9954DD0062339B /* game_level_edit.cpp in Sources */,
				A69AE4CB2B6FEFE500EBA43D /* graphics.cpp in Sources */,
			);
			runOnlyForDeploymentPostprocessing = 0;
		};
		A6A419452B9B6D530062339B /* Sources */ = {
			isa = PBXSourcesBuildPhase;
			buildActionMask = 2147483647;
			files = (
				A6A4194C2B9B6D530062339B /* main.cpp in Sources */,
				A6E484C92BA09CA4004CCA7D /* iff_file.cpp in Sources */,
			);
			runOnlyForDeploymentPostprocessing = 0;
		};
		A6E484AB2B9FE5D7004CCA7D /* Sources */ = {
			isa = PBXSourcesBuildPhase;
			buildActionMask = 2147483647;
			files = (
				A6E484BE2B9FEE81004CCA7D /* graphics_ilbm.cpp in Sources */,
				A6E484C02B9FEEB5004CCA7D /* iff_file.cpp in Sources */,
				A6E484C22B9FEEE0004CCA7D /* blitter.cpp in Sources */,
				A6E484C12B9FEED2004CCA7D /* graphics_draw_blitter.cpp in Sources */,
				A6E484BF2B9FEEA5004CCA7D /* graphics_draw.cpp in Sources */,
				A6E484B22B9FE5D7004CCA7D /* main.cpp in Sources */,
				A6E484C82BA00F1C004CCA7D /* graphics.cpp in Sources */,
			);
			runOnlyForDeploymentPostprocessing = 0;
		};
/* End PBXSourcesBuildPhase section */

/* Begin PBXVariantGroup section */
		A69AE4A22B6EB9B000EBA43D /* MainMenu.xib */ = {
			isa = PBXVariantGroup;
			children = (
				A69AE4A32B6EB9B000EBA43D /* Base */,
			);
			name = MainMenu.xib;
			sourceTree = "<group>";
		};
/* End PBXVariantGroup section */

/* Begin XCBuildConfiguration section */
		A69AE4A92B6EB9B000EBA43D /* Debug */ = {
			isa = XCBuildConfiguration;
			buildSettings = {
				ALWAYS_SEARCH_USER_PATHS = NO;
				CLANG_ANALYZER_NONNULL = YES;
				CLANG_ANALYZER_NUMBER_OBJECT_CONVERSION = YES_AGGRESSIVE;
				CLANG_CXX_LANGUAGE_STANDARD = "gnu++0x";
				CLANG_CXX_LIBRARY = "libc++";
				CLANG_ENABLE_MODULES = YES;
				CLANG_ENABLE_OBJC_ARC = YES;
				CLANG_ENABLE_OBJC_WEAK = YES;
				CLANG_WARN_BLOCK_CAPTURE_AUTORELEASING = YES;
				CLANG_WARN_BOOL_CONVERSION = YES;
				CLANG_WARN_COMMA = YES;
				CLANG_WARN_CONSTANT_CONVERSION = YES;
				CLANG_WARN_DEPRECATED_OBJC_IMPLEMENTATIONS = YES;
				CLANG_WARN_DIRECT_OBJC_ISA_USAGE = YES_ERROR;
				CLANG_WARN_DOCUMENTATION_COMMENTS = YES;
				CLANG_WARN_EMPTY_BODY = YES;
				CLANG_WARN_ENUM_CONVERSION = YES;
				CLANG_WARN_INFINITE_RECURSION = YES;
				CLANG_WARN_INT_CONVERSION = YES;
				CLANG_WARN_NON_LITERAL_NULL_CONVERSION = YES;
				CLANG_WARN_OBJC_IMPLICIT_RETAIN_SELF = YES;
				CLANG_WARN_OBJC_LITERAL_CONVERSION = YES;
				CLANG_WARN_OBJC_ROOT_CLASS = YES_ERROR;
				CLANG_WARN_QUOTED_INCLUDE_IN_FRAMEWORK_HEADER = YES;
				CLANG_WARN_RANGE_LOOP_ANALYSIS = YES;
				CLANG_WARN_STRICT_PROTOTYPES = YES;
				CLANG_WARN_SUSPICIOUS_MOVE = YES;
				CLANG_WARN_UNGUARDED_AVAILABILITY = YES_AGGRESSIVE;
				CLANG_WARN_UNREACHABLE_CODE = YES;
				CLANG_WARN__DUPLICATE_METHOD_MATCH = YES;
				COPY_PHASE_STRIP = NO;
				DEBUG_INFORMATION_FORMAT = dwarf;
				ENABLE_STRICT_OBJC_MSGSEND = YES;
				ENABLE_TESTABILITY = YES;
				GCC_C_LANGUAGE_STANDARD = gnu11;
				GCC_DYNAMIC_NO_PIC = NO;
				GCC_NO_COMMON_BLOCKS = YES;
				GCC_OPTIMIZATION_LEVEL = 0;
				GCC_PREPROCESSOR_DEFINITIONS = (
					"DEBUG=1",
					"$(inherited)",
				);
				GCC_WARN_64_TO_32_BIT_CONVERSION = YES;
				GCC_WARN_ABOUT_RETURN_TYPE = YES_ERROR;
				GCC_WARN_UNDECLARED_SELECTOR = YES;
				GCC_WARN_UNINITIALIZED_AUTOS = YES_AGGRESSIVE;
				GCC_WARN_UNUSED_FUNCTION = YES;
				GCC_WARN_UNUSED_VARIABLE = YES;
				MACOSX_DEPLOYMENT_TARGET = 11.0;
				MTL_ENABLE_DEBUG_INFO = INCLUDE_SOURCE;
				MTL_FAST_MATH = YES;
				ONLY_ACTIVE_ARCH = YES;
				SDKROOT = macosx;
			};
			name = Debug;
		};
		A69AE4AA2B6EB9B000EBA43D /* Release */ = {
			isa = XCBuildConfiguration;
			buildSettings = {
				ALWAYS_SEARCH_USER_PATHS = NO;
				CLANG_ANALYZER_NONNULL = YES;
				CLANG_ANALYZER_NUMBER_OBJECT_CONVERSION = YES_AGGRESSIVE;
				CLANG_CXX_LANGUAGE_STANDARD = "gnu++0x";
				CLANG_CXX_LIBRARY = "libc++";
				CLANG_ENABLE_MODULES = YES;
				CLANG_ENABLE_OBJC_ARC = YES;
				CLANG_ENABLE_OBJC_WEAK = YES;
				CLANG_WARN_BLOCK_CAPTURE_AUTORELEASING = YES;
				CLANG_WARN_BOOL_CONVERSION = YES;
				CLANG_WARN_COMMA = YES;
				CLANG_WARN_CONSTANT_CONVERSION = YES;
				CLANG_WARN_DEPRECATED_OBJC_IMPLEMENTATIONS = YES;
				CLANG_WARN_DIRECT_OBJC_ISA_USAGE = YES_ERROR;
				CLANG_WARN_DOCUMENTATION_COMMENTS = YES;
				CLANG_WARN_EMPTY_BODY = YES;
				CLANG_WARN_ENUM_CONVERSION = YES;
				CLANG_WARN_INFINITE_RECURSION = YES;
				CLANG_WARN_INT_CONVERSION = YES;
				CLANG_WARN_NON_LITERAL_NULL_CONVERSION = YES;
				CLANG_WARN_OBJC_IMPLICIT_RETAIN_SELF = YES;
				CLANG_WARN_OBJC_LITERAL_CONVERSION = YES;
				CLANG_WARN_OBJC_ROOT_CLASS = YES_ERROR;
				CLANG_WARN_QUOTED_INCLUDE_IN_FRAMEWORK_HEADER = YES;
				CLANG_WARN_RANGE_LOOP_ANALYSIS = YES;
				CLANG_WARN_STRICT_PROTOTYPES = YES;
				CLANG_WARN_SUSPICIOUS_MOVE = YES;
				CLANG_WARN_UNGUARDED_AVAILABILITY = YES_AGGRESSIVE;
				CLANG_WARN_UNREACHABLE_CODE = YES;
				CLANG_WARN__DUPLICATE_METHOD_MATCH = YES;
				COPY_PHASE_STRIP = NO;
				DEBUG_INFORMATION_FORMAT = "dwarf-with-dsym";
				ENABLE_NS_ASSERTIONS = NO;
				ENABLE_STRICT_OBJC_MSGSEND = YES;
				GCC_C_LANGUAGE_STANDARD = gnu11;
				GCC_NO_COMMON_BLOCKS = YES;
				GCC_WARN_64_TO_32_BIT_CONVERSION = YES;
				GCC_WARN_ABOUT_RETURN_TYPE = YES_ERROR;
				GCC_WARN_UNDECLARED_SELECTOR = YES;
				GCC_WARN_UNINITIALIZED_AUTOS = YES_AGGRESSIVE;
				GCC_WARN_UNUSED_FUNCTION = YES;
				GCC_WARN_UNUSED_VARIABLE = YES;
				MACOSX_DEPLOYMENT_TARGET = 11.0;
				MTL_ENABLE_DEBUG_INFO = NO;
				MTL_FAST_MATH = YES;
				SDKROOT = macosx;
			};
			name = Release;
		};
		A69AE4AC2B6EB9B000EBA43D /* Debug */ = {
			isa = XCBuildConfiguration;
			buildSettings = {
				ASSETCATALOG_COMPILER_APPICON_NAME = AppIcon;
				ASSETCATALOG_COMPILER_GLOBAL_ACCENT_COLOR_NAME = AccentColor;
				COMBINE_HIDPI_IMAGES = YES;
				INFOPLIST_FILE = MacOSHost/Info.plist;
				LD_RUNPATH_SEARCH_PATHS = (
					"$(inherited)",
					"@executable_path/../Frameworks",
				);
				PRODUCT_BUNDLE_IDENTIFIER = org.toys.ChromaGrid;
				PRODUCT_NAME = "$(TARGET_NAME)";
			};
			name = Debug;
		};
		A69AE4AD2B6EB9B000EBA43D /* Release */ = {
			isa = XCBuildConfiguration;
			buildSettings = {
				ASSETCATALOG_COMPILER_APPICON_NAME = AppIcon;
				ASSETCATALOG_COMPILER_GLOBAL_ACCENT_COLOR_NAME = AccentColor;
				COMBINE_HIDPI_IMAGES = YES;
				INFOPLIST_FILE = MacOSHost/Info.plist;
				LD_RUNPATH_SEARCH_PATHS = (
					"$(inherited)",
					"@executable_path/../Frameworks",
				);
				PRODUCT_BUNDLE_IDENTIFIER = org.toys.ChromaGrid;
				PRODUCT_NAME = "$(TARGET_NAME)";
			};
			name = Release;
		};
		A6A4194E2B9B6D530062339B /* Debug */ = {
			isa = XCBuildConfiguration;
			buildSettings = {
				ASSETCATALOG_COMPILER_GENERATE_SWIFT_ASSET_SYMBOL_EXTENSIONS = YES;
				CLANG_CXX_LANGUAGE_STANDARD = "gnu++20";
				CODE_SIGN_STYLE = Automatic;
				ENABLE_USER_SCRIPT_SANDBOXING = YES;
				GCC_C_LANGUAGE_STANDARD = gnu17;
				LOCALIZATION_PREFERS_STRING_CATALOGS = YES;
				PRODUCT_NAME = "$(TARGET_NAME)";
			};
			name = Debug;
		};
		A6A4194F2B9B6D530062339B /* Release */ = {
			isa = XCBuildConfiguration;
			buildSettings = {
				ASSETCATALOG_COMPILER_GENERATE_SWIFT_ASSET_SYMBOL_EXTENSIONS = YES;
				CLANG_CXX_LANGUAGE_STANDARD = "gnu++20";
				CODE_SIGN_STYLE = Automatic;
				ENABLE_USER_SCRIPT_SANDBOXING = YES;
				GCC_C_LANGUAGE_STANDARD = gnu17;
				LOCALIZATION_PREFERS_STRING_CATALOGS = YES;
				PRODUCT_NAME = "$(TARGET_NAME)";
			};
			name = Release;
		};
		A6E484B42B9FE5D7004CCA7D /* Debug */ = {
			isa = XCBuildConfiguration;
			buildSettings = {
				ASSETCATALOG_COMPILER_GENERATE_SWIFT_ASSET_SYMBOL_EXTENSIONS = YES;
				CLANG_CXX_LANGUAGE_STANDARD = "gnu++20";
				CODE_SIGN_STYLE = Automatic;
				ENABLE_USER_SCRIPT_SANDBOXING = YES;
				GCC_C_LANGUAGE_STANDARD = gnu17;
				GCC_PREPROCESSOR_DEFINITIONS = (
					"$(inherited)",
					"DEBUG=1",
					CGIMAGE_SUPPORT_SAVE,
				);
				HEADER_SEARCH_PATHS = /opt/homebrew/Cellar/libpng/1.6.43/include;
				LIBRARY_SEARCH_PATHS = (
					"$(inherited)",
					/opt/homebrew/Cellar/libpng/1.6.43/lib,
				);
				LOCALIZATION_PREFERS_STRING_CATALOGS = YES;
				PRODUCT_NAME = "$(TARGET_NAME)";
			};
			name = Debug;
		};
		A6E484B52B9FE5D7004CCA7D /* Release */ = {
			isa = XCBuildConfiguration;
			buildSettings = {
				ASSETCATALOG_COMPILER_GENERATE_SWIFT_ASSET_SYMBOL_EXTENSIONS = YES;
				CLANG_CXX_LANGUAGE_STANDARD = "gnu++20";
				CODE_SIGN_STYLE = Automatic;
				ENABLE_USER_SCRIPT_SANDBOXING = YES;
				GCC_C_LANGUAGE_STANDARD = gnu17;
				GCC_PREPROCESSOR_DEFINITIONS = (
					"$(inherited)",
					CGIMAGE_SUPPORT_SAVE,
				);
				HEADER_SEARCH_PATHS = /opt/homebrew/Cellar/libpng/1.6.43/include;
				LIBRARY_SEARCH_PATHS = (
					"$(inherited)",
					/opt/homebrew/Cellar/libpng/1.6.43/lib,
				);
				LOCALIZATION_PREFERS_STRING_CATALOGS = YES;
				PRODUCT_NAME = "$(TARGET_NAME)";
			};
			name = Release;
		};
/* End XCBuildConfiguration section */

/* Begin XCConfigurationList section */
		A69AE4952B6EB9A900EBA43D /* Build configuration list for PBXProject "ChromaGrid" */ = {
			isa = XCConfigurationList;
			buildConfigurations = (
				A69AE4A92B6EB9B000EBA43D /* Debug */,
				A69AE4AA2B6EB9B000EBA43D /* Release */,
			);
			defaultConfigurationIsVisible = 0;
			defaultConfigurationName = Release;
		};
		A69AE4AB2B6EB9B000EBA43D /* Build configuration list for PBXNativeTarget "ChromaGrid" */ = {
			isa = XCConfigurationList;
			buildConfigurations = (
				A69AE4AC2B6EB9B000EBA43D /* Debug */,
				A69AE4AD2B6EB9B000EBA43D /* Release */,
			);
			defaultConfigurationIsVisible = 0;
			defaultConfigurationName = Release;
		};
		A6A4194D2B9B6D530062339B /* Build configuration list for PBXNativeTarget "iffutil" */ = {
			isa = XCConfigurationList;
			buildConfigurations = (
				A6A4194E2B9B6D530062339B /* Debug */,
				A6A4194F2B9B6D530062339B /* Release */,
			);
			defaultConfigurationIsVisible = 0;
			defaultConfigurationName = Release;
		};
		A6E484B32B9FE5D7004CCA7D /* Build configuration list for PBXNativeTarget "png2ilbm" */ = {
			isa = XCConfigurationList;
			buildConfigurations = (
				A6E484B42B9FE5D7004CCA7D /* Debug */,
				A6E484B52B9FE5D7004CCA7D /* Release */,
			);
			defaultConfigurationIsVisible = 0;
			defaultConfigurationName = Release;
		};
/* End XCConfigurationList section */
	};
	rootObject = A69AE4922B6EB9A900EBA43D /* Project object */;
}
