// !$*UTF8*$!
{
	archiveVersion = 1;
	classes = {
	};
	objectVersion = 50;
	objects = {

/* Begin PBXBuildFile section */
		A69AE49F2B6EB9A900EBA43D /* AppDelegate.m in Sources */ = {isa = PBXBuildFile; fileRef = A69AE49E2B6EB9A900EBA43D /* AppDelegate.m */; };
		A69AE4A12B6EB9B000EBA43D /* Assets.xcassets in Resources */ = {isa = PBXBuildFile; fileRef = A69AE4A02B6EB9B000EBA43D /* Assets.xcassets */; };
		A69AE4A42B6EB9B000EBA43D /* MainMenu.xib in Resources */ = {isa = PBXBuildFile; fileRef = A69AE4A22B6EB9B000EBA43D /* MainMenu.xib */; };
		A69AE4A72B6EB9B000EBA43D /* main.m in Sources */ = {isa = PBXBuildFile; fileRef = A69AE4A62B6EB9B000EBA43D /* main.m */; };
/* End PBXBuildFile section */

/* Begin PBXFileReference section */
		A69AE49A2B6EB9A900EBA43D /* ChromaGrid.app */ = {isa = PBXFileReference; explicitFileType = wrapper.application; includeInIndex = 0; path = ChromaGrid.app; sourceTree = BUILT_PRODUCTS_DIR; };
		A69AE49D2B6EB9A900EBA43D /* AppDelegate.h */ = {isa = PBXFileReference; lastKnownFileType = sourcecode.c.h; path = AppDelegate.h; sourceTree = "<group>"; };
		A69AE49E2B6EB9A900EBA43D /* AppDelegate.m */ = {isa = PBXFileReference; lastKnownFileType = sourcecode.c.objc; path = AppDelegate.m; sourceTree = "<group>"; };
		A69AE4A02B6EB9B000EBA43D /* Assets.xcassets */ = {isa = PBXFileReference; lastKnownFileType = folder.assetcatalog; path = Assets.xcassets; sourceTree = "<group>"; };
		A69AE4A32B6EB9B000EBA43D /* Base */ = {isa = PBXFileReference; lastKnownFileType = file.xib; name = Base; path = Base.lproj/MainMenu.xib; sourceTree = "<group>"; };
		A69AE4A52B6EB9B000EBA43D /* Info.plist */ = {isa = PBXFileReference; lastKnownFileType = text.plist.xml; path = Info.plist; sourceTree = "<group>"; };
		A69AE4A62B6EB9B000EBA43D /* main.m */ = {isa = PBXFileReference; lastKnownFileType = sourcecode.c.objc; path = main.m; sourceTree = "<group>"; };
		A69AE4A82B6EB9B000EBA43D /* ChromaGrid.entitlements */ = {isa = PBXFileReference; lastKnownFileType = text.plist.entitlements; path = ChromaGrid.entitlements; sourceTree = "<group>"; };
/* End PBXFileReference section */

/* Begin PBXFrameworksBuildPhase section */
		A69AE4972B6EB9A900EBA43D /* Frameworks */ = {
			isa = PBXFrameworksBuildPhase;
			buildActionMask = 2147483647;
			files = (
			);
			runOnlyForDeploymentPostprocessing = 0;
		};
/* End PBXFrameworksBuildPhase section */

/* Begin PBXGroup section */
		A69AE4912B6EB9A900EBA43D = {
			isa = PBXGroup;
			children = (
				A69AE49C2B6EB9A900EBA43D /* ChromaGrid */,
				A69AE49B2B6EB9A900EBA43D /* Products */,
			);
			sourceTree = "<group>";
		};
		A69AE49B2B6EB9A900EBA43D /* Products */ = {
			isa = PBXGroup;
			children = (
				A69AE49A2B6EB9A900EBA43D /* ChromaGrid.app */,
			);
			name = Products;
			sourceTree = "<group>";
		};
		A69AE49C2B6EB9A900EBA43D /* ChromaGrid */ = {
			isa = PBXGroup;
			children = (
				A69AE49D2B6EB9A900EBA43D /* AppDelegate.h */,
				A69AE49E2B6EB9A900EBA43D /* AppDelegate.m */,
				A69AE4A02B6EB9B000EBA43D /* Assets.xcassets */,
				A69AE4A22B6EB9B000EBA43D /* MainMenu.xib */,
				A69AE4A52B6EB9B000EBA43D /* Info.plist */,
				A69AE4A62B6EB9B000EBA43D /* main.m */,
				A69AE4A82B6EB9B000EBA43D /* ChromaGrid.entitlements */,
			);
			path = ChromaGrid;
			sourceTree = "<group>";
		};
/* End PBXGroup section */

/* Begin PBXNativeTarget section */
		A69AE4992B6EB9A900EBA43D /* ChromaGrid */ = {
			isa = PBXNativeTarget;
			buildConfigurationList = A69AE4AB2B6EB9B000EBA43D /* Build configuration list for PBXNativeTarget "ChromaGrid" */;
			buildPhases = (
				A69AE4962B6EB9A900EBA43D /* Sources */,
				A69AE4972B6EB9A900EBA43D /* Frameworks */,
				A69AE4982B6EB9A900EBA43D /* Resources */,
			);
			buildRules = (
			);
			dependencies = (
			);
			name = ChromaGrid;
			productName = ChromaGrid;
			productReference = A69AE49A2B6EB9A900EBA43D /* ChromaGrid.app */;
			productType = "com.apple.product-type.application";
		};
/* End PBXNativeTarget section */

/* Begin PBXProject section */
		A69AE4922B6EB9A900EBA43D /* Project object */ = {
			isa = PBXProject;
			attributes = {
				LastUpgradeCheck = 1230;
				TargetAttributes = {
					A69AE4992B6EB9A900EBA43D = {
						CreatedOnToolsVersion = 12.3;
					};
				};
			};
			buildConfigurationList = A69AE4952B6EB9A900EBA43D /* Build configuration list for PBXProject "ChromaGrid" */;
			compatibilityVersion = "Xcode 9.3";
			developmentRegion = en;
			hasScannedForEncodings = 0;
			knownRegions = (
				en,
				Base,
			);
			mainGroup = A69AE4912B6EB9A900EBA43D;
			productRefGroup = A69AE49B2B6EB9A900EBA43D /* Products */;
			projectDirPath = "";
			projectRoot = "";
			targets = (
				A69AE4992B6EB9A900EBA43D /* ChromaGrid */,
			);
		};
/* End PBXProject section */

/* Begin PBXResourcesBuildPhase section */
		A69AE4982B6EB9A900EBA43D /* Resources */ = {
			isa = PBXResourcesBuildPhase;
			buildActionMask = 2147483647;
			files = (
				A69AE4A12B6EB9B000EBA43D /* Assets.xcassets in Resources */,
				A69AE4A42B6EB9B000EBA43D /* MainMenu.xib in Resources */,
			);
			runOnlyForDeploymentPostprocessing = 0;
		};
/* End PBXResourcesBuildPhase section */

/* Begin PBXSourcesBuildPhase section */
		A69AE4962B6EB9A900EBA43D /* Sources */ = {
			isa = PBXSourcesBuildPhase;
			buildActionMask = 2147483647;
			files = (
				A69AE4A72B6EB9B000EBA43D /* main.m in Sources */,
				A69AE49F2B6EB9A900EBA43D /* AppDelegate.m in Sources */,
			);
			runOnlyForDeploymentPostprocessing = 0;
		};
/* End PBXSourcesBuildPhase section */

/* Begin PBXVariantGroup section */
		A69AE4A22B6EB9B000EBA43D /* MainMenu.xib */ = {
			isa = PBXVariantGroup;
			children = (
				A69AE4A32B6EB9B000EBA43D /* Base */,
			);
			name = MainMenu.xib;
			sourceTree = "<group>";
		};
/* End PBXVariantGroup section */

/* Begin XCBuildConfiguration section */
		A69AE4A92B6EB9B000EBA43D /* Debug */ = {
			isa = XCBuildConfiguration;
			buildSettings = {
				ALWAYS_SEARCH_USER_PATHS = NO;
				CLANG_ANALYZER_NONNULL = YES;
				CLANG_ANALYZER_NUMBER_OBJECT_CONVERSION = YES_AGGRESSIVE;
				CLANG_CXX_LANGUAGE_STANDARD = "gnu++14";
				CLANG_CXX_LIBRARY = "libc++";
				CLANG_ENABLE_MODULES = YES;
				CLANG_ENABLE_OBJC_ARC = YES;
				CLANG_ENABLE_OBJC_WEAK = YES;
				CLANG_WARN_BLOCK_CAPTURE_AUTORELEASING = YES;
				CLANG_WARN_BOOL_CONVERSION = YES;
				CLANG_WARN_COMMA = YES;
				CLANG_WARN_CONSTANT_CONVERSION = YES;
				CLANG_WARN_DEPRECATED_OBJC_IMPLEMENTATIONS = YES;
				CLANG_WARN_DIRECT_OBJC_ISA_USAGE = YES_ERROR;
				CLANG_WARN_DOCUMENTATION_COMMENTS = YES;
				CLANG_WARN_EMPTY_BODY = YES;
				CLANG_WARN_ENUM_CONVERSION = YES;
				CLANG_WARN_INFINITE_RECURSION = YES;
				CLANG_WARN_INT_CONVERSION = YES;
				CLANG_WARN_NON_LITERAL_NULL_CONVERSION = YES;
				CLANG_WARN_OBJC_IMPLICIT_RETAIN_SELF = YES;
				CLANG_WARN_OBJC_LITERAL_CONVERSION = YES;
				CLANG_WARN_OBJC_ROOT_CLASS = YES_ERROR;
				CLANG_WARN_QUOTED_INCLUDE_IN_FRAMEWORK_HEADER = YES;
				CLANG_WARN_RANGE_LOOP_ANALYSIS = YES;
				CLANG_WARN_STRICT_PROTOTYPES = YES;
				CLANG_WARN_SUSPICIOUS_MOVE = YES;
				CLANG_WARN_UNGUARDED_AVAILABILITY = YES_AGGRESSIVE;
				CLANG_WARN_UNREACHABLE_CODE = YES;
				CLANG_WARN__DUPLICATE_METHOD_MATCH = YES;
				COPY_PHASE_STRIP = NO;
				DEBUG_INFORMATION_FORMAT = dwarf;
				ENABLE_STRICT_OBJC_MSGSEND = YES;
				ENABLE_TESTABILITY = YES;
				GCC_C_LANGUAGE_STANDARD = gnu11;
				GCC_DYNAMIC_NO_PIC = NO;
				GCC_NO_COMMON_BLOCKS = YES;
				GCC_OPTIMIZATION_LEVEL = 0;
				GCC_PREPROCESSOR_DEFINITIONS = (
					"DEBUG=1",
					"$(inherited)",
				);
				GCC_WARN_64_TO_32_BIT_CONVERSION = YES;
				GCC_WARN_ABOUT_RETURN_TYPE = YES_ERROR;
				GCC_WARN_UNDECLARED_SELECTOR = YES;
				GCC_WARN_UNINITIALIZED_AUTOS = YES_AGGRESSIVE;
				GCC_WARN_UNUSED_FUNCTION = YES;
				GCC_WARN_UNUSED_VARIABLE = YES;
				MACOSX_DEPLOYMENT_TARGET = 10.15;
				MTL_ENABLE_DEBUG_INFO = INCLUDE_SOURCE;
				MTL_FAST_MATH = YES;
				ONLY_ACTIVE_ARCH = YES;
				SDKROOT = macosx;
			};
			name = Debug;
		};
		A69AE4AA2B6EB9B000EBA43D /* Release */ = {
			isa = XCBuildConfiguration;
			buildSettings = {
				ALWAYS_SEARCH_USER_PATHS = NO;
				CLANG_ANALYZER_NONNULL = YES;
				CLANG_ANALYZER_NUMBER_OBJECT_CONVERSION = YES_AGGRESSIVE;
				CLANG_CXX_LANGUAGE_STANDARD = "gnu++14";
				CLANG_CXX_LIBRARY = "libc++";
				CLANG_ENABLE_MODULES = YES;
				CLANG_ENABLE_OBJC_ARC = YES;
				CLANG_ENABLE_OBJC_WEAK = YES;
				CLANG_WARN_BLOCK_CAPTURE_AUTORELEASING = YES;
				CLANG_WARN_BOOL_CONVERSION = YES;
				CLANG_WARN_COMMA = YES;
				CLANG_WARN_CONSTANT_CONVERSION = YES;
				CLANG_WARN_DEPRECATED_OBJC_IMPLEMENTATIONS = YES;
				CLANG_WARN_DIRECT_OBJC_ISA_USAGE = YES_ERROR;
				CLANG_WARN_DOCUMENTATION_COMMENTS = YES;
				CLANG_WARN_EMPTY_BODY = YES;
				CLANG_WARN_ENUM_CONVERSION = YES;
				CLANG_WARN_INFINITE_RECURSION = YES;
				CLANG_WARN_INT_CONVERSION = YES;
				CLANG_WARN_NON_LITERAL_NULL_CONVERSION = YES;
				CLANG_WARN_OBJC_IMPLICIT_RETAIN_SELF = YES;
				CLANG_WARN_OBJC_LITERAL_CONVERSION = YES;
				CLANG_WARN_OBJC_ROOT_CLASS = YES_ERROR;
				CLANG_WARN_QUOTED_INCLUDE_IN_FRAMEWORK_HEADER = YES;
				CLANG_WARN_RANGE_LOOP_ANALYSIS = YES;
				CLANG_WARN_STRICT_PROTOTYPES = YES;
				CLANG_WARN_SUSPICIOUS_MOVE = YES;
				CLANG_WARN_UNGUARDED_AVAILABILITY = YES_AGGRESSIVE;
				CLANG_WARN_UNREACHABLE_CODE = YES;
				CLANG_WARN__DUPLICATE_METHOD_MATCH = YES;
				COPY_PHASE_STRIP = NO;
				DEBUG_INFORMATION_FORMAT = "dwarf-with-dsym";
				ENABLE_NS_ASSERTIONS = NO;
				ENABLE_STRICT_OBJC_MSGSEND = YES;
				GCC_C_LANGUAGE_STANDARD = gnu11;
				GCC_NO_COMMON_BLOCKS = YES;
				GCC_WARN_64_TO_32_BIT_CONVERSION = YES;
				GCC_WARN_ABOUT_RETURN_TYPE = YES_ERROR;
				GCC_WARN_UNDECLARED_SELECTOR = YES;
				GCC_WARN_UNINITIALIZED_AUTOS = YES_AGGRESSIVE;
				GCC_WARN_UNUSED_FUNCTION = YES;
				GCC_WARN_UNUSED_VARIABLE = YES;
				MACOSX_DEPLOYMENT_TARGET = 10.15;
				MTL_ENABLE_DEBUG_INFO = NO;
				MTL_FAST_MATH = YES;
				SDKROOT = macosx;
			};
			name = Release;
		};
		A69AE4AC2B6EB9B000EBA43D /* Debug */ = {
			isa = XCBuildConfiguration;
			buildSettings = {
				ASSETCATALOG_COMPILER_APPICON_NAME = AppIcon;
				ASSETCATALOG_COMPILER_GLOBAL_ACCENT_COLOR_NAME = AccentColor;
				CODE_SIGN_ENTITLEMENTS = ChromaGrid/ChromaGrid.entitlements;
				CODE_SIGN_STYLE = Automatic;
				COMBINE_HIDPI_IMAGES = YES;
				DEVELOPMENT_TEAM = GW7LBAF36Q;
				ENABLE_HARDENED_RUNTIME = YES;
				INFOPLIST_FILE = ChromaGrid/Info.plist;
				LD_RUNPATH_SEARCH_PATHS = (
					"$(inherited)",
					"@executable_path/../Frameworks",
				);
				PRODUCT_BUNDLE_IDENTIFIER = org.toys.ChromaGrid;
				PRODUCT_NAME = "$(TARGET_NAME)";
			};
			name = Debug;
		};
		A69AE4AD2B6EB9B000EBA43D /* Release */ = {
			isa = XCBuildConfiguration;
			buildSettings = {
				ASSETCATALOG_COMPILER_APPICON_NAME = AppIcon;
				ASSETCATALOG_COMPILER_GLOBAL_ACCENT_COLOR_NAME = AccentColor;
				CODE_SIGN_ENTITLEMENTS = ChromaGrid/ChromaGrid.entitlements;
				CODE_SIGN_STYLE = Automatic;
				COMBINE_HIDPI_IMAGES = YES;
				DEVELOPMENT_TEAM = GW7LBAF36Q;
				ENABLE_HARDENED_RUNTIME = YES;
				INFOPLIST_FILE = ChromaGrid/Info.plist;
				LD_RUNPATH_SEARCH_PATHS = (
					"$(inherited)",
					"@executable_path/../Frameworks",
				);
				PRODUCT_BUNDLE_IDENTIFIER = org.toys.ChromaGrid;
				PRODUCT_NAME = "$(TARGET_NAME)";
			};
			name = Release;
		};
/* End XCBuildConfiguration section */

/* Begin XCConfigurationList section */
		A69AE4952B6EB9A900EBA43D /* Build configuration list for PBXProject "ChromaGrid" */ = {
			isa = XCConfigurationList;
			buildConfigurations = (
				A69AE4A92B6EB9B000EBA43D /* Debug */,
				A69AE4AA2B6EB9B000EBA43D /* Release */,
			);
			defaultConfigurationIsVisible = 0;
			defaultConfigurationName = Release;
		};
		A69AE4AB2B6EB9B000EBA43D /* Build configuration list for PBXNativeTarget "ChromaGrid" */ = {
			isa = XCConfigurationList;
			buildConfigurations = (
				A69AE4AC2B6EB9B000EBA43D /* Debug */,
				A69AE4AD2B6EB9B000EBA43D /* Release */,
			);
			defaultConfigurationIsVisible = 0;
			defaultConfigurationName = Release;
		};
/* End XCConfigurationList section */
	};
	rootObject = A69AE4922B6EB9A900EBA43D /* Project object */;
}
